
Microsoft Visual Studio Solution File, Format Version 12.00
# Visual Studio Version 17
VisualStudioVersion = 17.3.32901.215
MinimumVisualStudioVersion = 10.0.40219.1
Project("{9A19103F-16F7-4668-BE54-9A1E7A4F7556}") = "KQUYOZ_HFT_2023241.Client", "KQUYOZ_HFT_2023241.Client\KQUYOZ_HFT_2023241.Client.csproj", "{963EE943-D974-4E02-8029-35450B5CF9A7}"
EndProject
Project("{9A19103F-16F7-4668-BE54-9A1E7A4F7556}") = "KQUYOZ_HFT_2023241.Models", "KQUYOZ_HFT_2023241.Models\KQUYOZ_HFT_2023241.Models.csproj", "{D35E67C0-093E-4156-8256-2C221F90B5D9}"
EndProject
Project("{9A19103F-16F7-4668-BE54-9A1E7A4F7556}") = "KQUYOZ_HFT_2023241.Logic", "KQUYOZ_HFT_2023241.Logic\KQUYOZ_HFT_2023241.Logic.csproj", "{330FEC22-077E-4A2A-8792-995A8AE61192}"
EndProject
Project("{9A19103F-16F7-4668-BE54-9A1E7A4F7556}") = "KQUYOZ_HFT_2023241.Repository", "KQUYOZ_HFT_2023241.Repository\KQUYOZ_HFT_2023241.Repository.csproj", "{8789F221-A9A9-445D-BF5A-326F1F3832F3}"
EndProject
Project("{9A19103F-16F7-4668-BE54-9A1E7A4F7556}") = "KQUYOZ_HFT_2023241.Endpoint", "KQUYOZ_HFT_2023241.Endpoint\KQUYOZ_HFT_2023241.Endpoint.csproj", "{F80A7054-041A-467E-A35F-94C6743B5922}"
EndProject
Project("{9A19103F-16F7-4668-BE54-9A1E7A4F7556}") = "KQUYOZ_HFT_2023241.Test", "KQUYOZ_HFT_2023241.Test\KQUYOZ_HFT_2023241.Test.csproj", "{E4E9427C-7B63-4CA3-AE9A-11651C2584E0}"
EndProject
Project("{2150E333-8FDC-42A3-9474-1A3956D46DE8}") = "Backend", "Backend", "{55AEBBB3-0140-428B-AFAD-570AC1AD426C}"
EndProject
Project("{2150E333-8FDC-42A3-9474-1A3956D46DE8}") = "Frontend", "Frontend", "{A7109684-5D81-4B60-9EDC-4B5494CE6D67}"
EndProject
Project("{2150E333-8FDC-42A3-9474-1A3956D46DE8}") = "Shared", "Shared", "{0ED85285-AF78-440C-84D8-A7EC3D7B9D91}"
EndProject
Project("{2150E333-8FDC-42A3-9474-1A3956D46DE8}") = "Others", "Others", "{AF226146-A87B-42BE-B370-627D76BCACE5}"
	ProjectSection(SolutionItems) = preProject
		.gitignore = .gitignore
	EndProjectSection
EndProject
Global
	GlobalSection(SolutionConfigurationPlatforms) = preSolution
		Debug|Any CPU = Debug|Any CPU
		Release|Any CPU = Release|Any CPU
	EndGlobalSection
	GlobalSection(ProjectConfigurationPlatforms) = postSolution
		{963EE943-D974-4E02-8029-35450B5CF9A7}.Debug|Any CPU.ActiveCfg = Debug|Any CPU
		{963EE943-D974-4E02-8029-35450B5CF9A7}.Debug|Any CPU.Build.0 = Debug|Any CPU
		{963EE943-D974-4E02-8029-35450B5CF9A7}.Release|Any CPU.ActiveCfg = Release|Any CPU
		{963EE943-D974-4E02-8029-35450B5CF9A7}.Release|Any CPU.Build.0 = Release|Any CPU
		{D35E67C0-093E-4156-8256-2C221F90B5D9}.Debug|Any CPU.ActiveCfg = Debug|Any CPU
		{D35E67C0-093E-4156-8256-2C221F90B5D9}.Debug|Any CPU.Build.0 = Debug|Any CPU
		{D35E67C0-093E-4156-8256-2C221F90B5D9}.Release|Any CPU.ActiveCfg = Release|Any CPU
		{D35E67C0-093E-4156-8256-2C221F90B5D9}.Release|Any CPU.Build.0 = Release|Any CPU
		{330FEC22-077E-4A2A-8792-995A8AE61192}.Debug|Any CPU.ActiveCfg = Debug|Any CPU
		{330FEC22-077E-4A2A-8792-995A8AE61192}.Debug|Any CPU.Build.0 = Debug|Any CPU
		{330FEC22-077E-4A2A-8792-995A8AE61192}.Release|Any CPU.ActiveCfg = Release|Any CPU
		{330FEC22-077E-4A2A-8792-995A8AE61192}.Release|Any CPU.Build.0 = Release|Any CPU
		{8789F221-A9A9-445D-BF5A-326F1F3832F3}.Debug|Any CPU.ActiveCfg = Debug|Any CPU
		{8789F221-A9A9-445D-BF5A-326F1F3832F3}.Debug|Any CPU.Build.0 = Debug|Any CPU
		{8789F221-A9A9-445D-BF5A-326F1F3832F3}.Release|Any CPU.ActiveCfg = Release|Any CPU
		{8789F221-A9A9-445D-BF5A-326F1F3832F3}.Release|Any CPU.Build.0 = Release|Any CPU
		{F80A7054-041A-467E-A35F-94C6743B5922}.Debug|Any CPU.ActiveCfg = Debug|Any CPU
		{F80A7054-041A-467E-A35F-94C6743B5922}.Debug|Any CPU.Build.0 = Debug|Any CPU
		{F80A7054-041A-467E-A35F-94C6743B5922}.Release|Any CPU.ActiveCfg = Release|Any CPU
		{F80A7054-041A-467E-A35F-94C6743B5922}.Release|Any CPU.Build.0 = Release|Any CPU
		{E4E9427C-7B63-4CA3-AE9A-11651C2584E0}.Debug|Any CPU.ActiveCfg = Debug|Any CPU
		{E4E9427C-7B63-4CA3-AE9A-11651C2584E0}.Debug|Any CPU.Build.0 = Debug|Any CPU
		{E4E9427C-7B63-4CA3-AE9A-11651C2584E0}.Release|Any CPU.ActiveCfg = Release|Any CPU
		{E4E9427C-7B63-4CA3-AE9A-11651C2584E0}.Release|Any CPU.Build.0 = Release|Any CPU
	EndGlobalSection
	GlobalSection(SolutionProperties) = preSolution
		HideSolutionNode = FALSE
	EndGlobalSection
	GlobalSection(NestedProjects) = preSolution
		{963EE943-D974-4E02-8029-35450B5CF9A7} = {A7109684-5D81-4B60-9EDC-4B5494CE6D67}
		{D35E67C0-093E-4156-8256-2C221F90B5D9} = {0ED85285-AF78-440C-84D8-A7EC3D7B9D91}
		{330FEC22-077E-4A2A-8792-995A8AE61192} = {55AEBBB3-0140-428B-AFAD-570AC1AD426C}
		{8789F221-A9A9-445D-BF5A-326F1F3832F3} = {55AEBBB3-0140-428B-AFAD-570AC1AD426C}
		{F80A7054-041A-467E-A35F-94C6743B5922} = {55AEBBB3-0140-428B-AFAD-570AC1AD426C}
		{E4E9427C-7B63-4CA3-AE9A-11651C2584E0} = {55AEBBB3-0140-428B-AFAD-570AC1AD426C}
	EndGlobalSection
	GlobalSection(ExtensibilityGlobals) = postSolution
		SolutionGuid = {8C688B23-BC28-4378-BA51-DCFC6BC53E23}
	EndGlobalSection
EndGlobal
